
Microsoft Visual Studio Solution File, Format Version 11.00
# Visual Studio 2010
Project("{FAE04EC0-301F-11D3-BF4B-00C04F79EFBC}") = "Slither", "Assembly-CSharp.csproj", "{742F9ED8-C75A-1123-C875-1F04D08DACA7}"
EndProject
Global
	GlobalSection(SolutionConfigurationPlatforms) = preSolution
		Debug|Any CPU = Debug|Any CPU
		Release|Any CPU = Release|Any CPU
	EndGlobalSection
	GlobalSection(ProjectConfigurationPlatforms) = postSolution
		{742F9ED8-C75A-1123-C875-1F04D08DACA7}.Debug|Any CPU.ActiveCfg = Debug|Any CPU
		{742F9ED8-C75A-1123-C875-1F04D08DACA7}.Debug|Any CPU.Build.0 = Debug|Any CPU
		{742F9ED8-C75A-1123-C875-1F04D08DACA7}.Release|Any CPU.ActiveCfg = Release|Any CPU
		{742F9ED8-C75A-1123-C875-1F04D08DACA7}.Release|Any CPU.Build.0 = Release|Any CPU
	EndGlobalSection
	GlobalSection(SolutionProperties) = preSolution
		HideSolutionNode = FALSE
	EndGlobalSection
	GlobalSection(MonoDevelopProperties) = preSolution
		StartupItem = Assembly-CSharp.csproj
	EndGlobalSection
EndGlobal
